// !$*UTF8*$!
{
	archiveVersion = 1;
	classes = {
	};
	objectVersion = 50;
	objects = {

/* Begin PBXBuildFile section */
		5683BAE0A5B1E5A17BEC8257 /* Pods_IGLocation.framework in Frameworks */ = {isa = PBXBuildFile; fileRef = 4D83A710BD906CF85329994C /* Pods_IGLocation.framework */; };
		8C26D0DB2138B2750050D4EC /* IGMedia.swift in Sources */ = {isa = PBXBuildFile; fileRef = 8C26D0DA2138B2750050D4EC /* IGMedia.swift */; };
		8C26D0DD2138B7F80050D4EC /* IGMediaTests.swift in Sources */ = {isa = PBXBuildFile; fileRef = 8C26D0DC2138B7F80050D4EC /* IGMediaTests.swift */; };
		8CCC146D212383C2007F40E8 /* AppDelegate.swift in Sources */ = {isa = PBXBuildFile; fileRef = 8CCC146C212383C2007F40E8 /* AppDelegate.swift */; };
		8CCC146F212383C2007F40E8 /* IGGalleryViewController.swift in Sources */ = {isa = PBXBuildFile; fileRef = 8CCC146E212383C2007F40E8 /* IGGalleryViewController.swift */; };
		8CCC1472212383C2007F40E8 /* Main.storyboard in Resources */ = {isa = PBXBuildFile; fileRef = 8CCC1470212383C2007F40E8 /* Main.storyboard */; };
		8CCC1474212383C4007F40E8 /* Assets.xcassets in Resources */ = {isa = PBXBuildFile; fileRef = 8CCC1473212383C4007F40E8 /* Assets.xcassets */; };
		8CCC1477212383C4007F40E8 /* LaunchScreen.storyboard in Resources */ = {isa = PBXBuildFile; fileRef = 8CCC1475212383C4007F40E8 /* LaunchScreen.storyboard */; };
		8CCC148F21238D71007F40E8 /* IGLoginViewController.swift in Sources */ = {isa = PBXBuildFile; fileRef = 8CCC148E21238D71007F40E8 /* IGLoginViewController.swift */; };
		8CCC14912124ECBB007F40E8 /* IGGalleryTableViewCell.swift in Sources */ = {isa = PBXBuildFile; fileRef = 8CCC14902124ECBB007F40E8 /* IGGalleryTableViewCell.swift */; };
		8CCC14932124FFAE007F40E8 /* IGGalleryDetailViewController.swift in Sources */ = {isa = PBXBuildFile; fileRef = 8CCC14922124FFAE007F40E8 /* IGGalleryDetailViewController.swift */; };
		B104C5BFEF12B9F379759B08 /* Pods_IGLocationTests.framework in Frameworks */ = {isa = PBXBuildFile; fileRef = 2732DF9D14331A39998A68CF /* Pods_IGLocationTests.framework */; };
/* End PBXBuildFile section */

/* Begin PBXContainerItemProxy section */
		8CCC147E212383C5007F40E8 /* PBXContainerItemProxy */ = {
			isa = PBXContainerItemProxy;
			containerPortal = 8CCC1461212383C2007F40E8 /* Project object */;
			proxyType = 1;
			remoteGlobalIDString = 8CCC1468212383C2007F40E8;
			remoteInfo = IGLocation;
		};
/* End PBXContainerItemProxy section */

/* Begin PBXFileReference section */
		2732DF9D14331A39998A68CF /* Pods_IGLocationTests.framework */ = {isa = PBXFileReference; explicitFileType = wrapper.framework; includeInIndex = 0; path = Pods_IGLocationTests.framework; sourceTree = BUILT_PRODUCTS_DIR; };
		33E4E13197D4EB2F0260BAA3 /* Pods-IGLocationTests.release.xcconfig */ = {isa = PBXFileReference; includeInIndex = 1; lastKnownFileType = text.xcconfig; name = "Pods-IGLocationTests.release.xcconfig"; path = "Pods/Target Support Files/Pods-IGLocationTests/Pods-IGLocationTests.release.xcconfig"; sourceTree = "<group>"; };
		4C0B7842511484303597DFFD /* Pods-IGLocation.debug.xcconfig */ = {isa = PBXFileReference; includeInIndex = 1; lastKnownFileType = text.xcconfig; name = "Pods-IGLocation.debug.xcconfig"; path = "Pods/Target Support Files/Pods-IGLocation/Pods-IGLocation.debug.xcconfig"; sourceTree = "<group>"; };
		4D83A710BD906CF85329994C /* Pods_IGLocation.framework */ = {isa = PBXFileReference; explicitFileType = wrapper.framework; includeInIndex = 0; path = Pods_IGLocation.framework; sourceTree = BUILT_PRODUCTS_DIR; };
		8C26D0DA2138B2750050D4EC /* IGMedia.swift */ = {isa = PBXFileReference; lastKnownFileType = sourcecode.swift; path = IGMedia.swift; sourceTree = "<group>"; };
		8C26D0DC2138B7F80050D4EC /* IGMediaTests.swift */ = {isa = PBXFileReference; lastKnownFileType = sourcecode.swift; path = IGMediaTests.swift; sourceTree = "<group>"; };
		8CCC1469212383C2007F40E8 /* IGLocation.app */ = {isa = PBXFileReference; explicitFileType = wrapper.application; includeInIndex = 0; path = IGLocation.app; sourceTree = BUILT_PRODUCTS_DIR; };
		8CCC146C212383C2007F40E8 /* AppDelegate.swift */ = {isa = PBXFileReference; lastKnownFileType = sourcecode.swift; path = AppDelegate.swift; sourceTree = "<group>"; };
		8CCC146E212383C2007F40E8 /* IGGalleryViewController.swift */ = {isa = PBXFileReference; lastKnownFileType = sourcecode.swift; path = IGGalleryViewController.swift; sourceTree = "<group>"; };
		8CCC1471212383C2007F40E8 /* Base */ = {isa = PBXFileReference; lastKnownFileType = file.storyboard; name = Base; path = Base.lproj/Main.storyboard; sourceTree = "<group>"; };
		8CCC1473212383C4007F40E8 /* Assets.xcassets */ = {isa = PBXFileReference; lastKnownFileType = folder.assetcatalog; path = Assets.xcassets; sourceTree = "<group>"; };
		8CCC1476212383C4007F40E8 /* Base */ = {isa = PBXFileReference; lastKnownFileType = file.storyboard; name = Base; path = Base.lproj/LaunchScreen.storyboard; sourceTree = "<group>"; };
		8CCC1478212383C4007F40E8 /* Info.plist */ = {isa = PBXFileReference; lastKnownFileType = text.plist.xml; path = Info.plist; sourceTree = "<group>"; };
		8CCC147D212383C5007F40E8 /* IGLocationTests.xctest */ = {isa = PBXFileReference; explicitFileType = wrapper.cfbundle; includeInIndex = 0; path = IGLocationTests.xctest; sourceTree = BUILT_PRODUCTS_DIR; };
		8CCC1483212383C5007F40E8 /* Info.plist */ = {isa = PBXFileReference; lastKnownFileType = text.plist.xml; path = Info.plist; sourceTree = "<group>"; };
		8CCC148E21238D71007F40E8 /* IGLoginViewController.swift */ = {isa = PBXFileReference; lastKnownFileType = sourcecode.swift; path = IGLoginViewController.swift; sourceTree = "<group>"; };
		8CCC14902124ECBB007F40E8 /* IGGalleryTableViewCell.swift */ = {isa = PBXFileReference; lastKnownFileType = sourcecode.swift; path = IGGalleryTableViewCell.swift; sourceTree = "<group>"; };
		8CCC14922124FFAE007F40E8 /* IGGalleryDetailViewController.swift */ = {isa = PBXFileReference; lastKnownFileType = sourcecode.swift; path = IGGalleryDetailViewController.swift; sourceTree = "<group>"; };
		B72E0A1C134992EA08E62ADC /* Pods-IGLocationTests.debug.xcconfig */ = {isa = PBXFileReference; includeInIndex = 1; lastKnownFileType = text.xcconfig; name = "Pods-IGLocationTests.debug.xcconfig"; path = "Pods/Target Support Files/Pods-IGLocationTests/Pods-IGLocationTests.debug.xcconfig"; sourceTree = "<group>"; };
		DDA87AAA07C89797F58A49F1 /* Pods-IGLocation.release.xcconfig */ = {isa = PBXFileReference; includeInIndex = 1; lastKnownFileType = text.xcconfig; name = "Pods-IGLocation.release.xcconfig"; path = "Pods/Target Support Files/Pods-IGLocation/Pods-IGLocation.release.xcconfig"; sourceTree = "<group>"; };
/* End PBXFileReference section */

/* Begin PBXFrameworksBuildPhase section */
		8CCC1466212383C2007F40E8 /* Frameworks */ = {
			isa = PBXFrameworksBuildPhase;
			buildActionMask = 2147483647;
			files = (
				5683BAE0A5B1E5A17BEC8257 /* Pods_IGLocation.framework in Frameworks */,
			);
			runOnlyForDeploymentPostprocessing = 0;
		};
		8CCC147A212383C5007F40E8 /* Frameworks */ = {
			isa = PBXFrameworksBuildPhase;
			buildActionMask = 2147483647;
			files = (
				B104C5BFEF12B9F379759B08 /* Pods_IGLocationTests.framework in Frameworks */,
			);
			runOnlyForDeploymentPostprocessing = 0;
		};
/* End PBXFrameworksBuildPhase section */

/* Begin PBXGroup section */
		3239E073585E4B069397206A /* Frameworks */ = {
			isa = PBXGroup;
			children = (
				4D83A710BD906CF85329994C /* Pods_IGLocation.framework */,
				2732DF9D14331A39998A68CF /* Pods_IGLocationTests.framework */,
			);
			name = Frameworks;
			sourceTree = "<group>";
		};
		36AEF2A50852064169C36311 /* Pods */ = {
			isa = PBXGroup;
			children = (
				4C0B7842511484303597DFFD /* Pods-IGLocation.debug.xcconfig */,
				DDA87AAA07C89797F58A49F1 /* Pods-IGLocation.release.xcconfig */,
				B72E0A1C134992EA08E62ADC /* Pods-IGLocationTests.debug.xcconfig */,
				33E4E13197D4EB2F0260BAA3 /* Pods-IGLocationTests.release.xcconfig */,
			);
			name = Pods;
			sourceTree = "<group>";
		};
		8C26D0D92138B2290050D4EC /* UI */ = {
			isa = PBXGroup;
			children = (
				8CCC14902124ECBB007F40E8 /* IGGalleryTableViewCell.swift */,
			);
			path = UI;
			sourceTree = "<group>";
		};
		8CCC1460212383C2007F40E8 = {
			isa = PBXGroup;
			children = (
				8CCC146B212383C2007F40E8 /* IGLocation */,
				8CCC1480212383C5007F40E8 /* IGLocationTests */,
				8CCC146A212383C2007F40E8 /* Products */,
				36AEF2A50852064169C36311 /* Pods */,
				3239E073585E4B069397206A /* Frameworks */,
			);
			sourceTree = "<group>";
		};
		8CCC146A212383C2007F40E8 /* Products */ = {
			isa = PBXGroup;
			children = (
				8CCC1469212383C2007F40E8 /* IGLocation.app */,
				8CCC147D212383C5007F40E8 /* IGLocationTests.xctest */,
			);
			name = Products;
			sourceTree = "<group>";
		};
		8CCC146B212383C2007F40E8 /* IGLocation */ = {
			isa = PBXGroup;
			children = (
				8CCC146C212383C2007F40E8 /* AppDelegate.swift */,
				8CCC148E21238D71007F40E8 /* IGLoginViewController.swift */,
				8CCC146E212383C2007F40E8 /* IGGalleryViewController.swift */,
				8CCC14922124FFAE007F40E8 /* IGGalleryDetailViewController.swift */,
				8C26D0DA2138B2750050D4EC /* IGMedia.swift */,
				8C26D0D92138B2290050D4EC /* UI */,
				8CCC1470212383C2007F40E8 /* Main.storyboard */,
				8CCC1473212383C4007F40E8 /* Assets.xcassets */,
				8CCC1475212383C4007F40E8 /* LaunchScreen.storyboard */,
				8CCC1478212383C4007F40E8 /* Info.plist */,
			);
			path = IGLocation;
			sourceTree = "<group>";
		};
		8CCC1480212383C5007F40E8 /* IGLocationTests */ = {
			isa = PBXGroup;
			children = (
				8C26D0DC2138B7F80050D4EC /* IGMediaTests.swift */,
				8CCC1483212383C5007F40E8 /* Info.plist */,
			);
			path = IGLocationTests;
			sourceTree = "<group>";
		};
/* End PBXGroup section */

/* Begin PBXNativeTarget section */
		8CCC1468212383C2007F40E8 /* IGLocation */ = {
			isa = PBXNativeTarget;
			buildConfigurationList = 8CCC1486212383C5007F40E8 /* Build configuration list for PBXNativeTarget "IGLocation" */;
			buildPhases = (
				54FE3AFC16674F2D3A7AA814 /* [CP] Check Pods Manifest.lock */,
				8CCC1465212383C2007F40E8 /* Sources */,
				8CCC1466212383C2007F40E8 /* Frameworks */,
				8CCC1467212383C2007F40E8 /* Resources */,
				C56EA151E67C8CDC16A736C0 /* [CP] Embed Pods Frameworks */,
			);
			buildRules = (
			);
			dependencies = (
			);
			name = IGLocation;
			productName = IGLocation;
			productReference = 8CCC1469212383C2007F40E8 /* IGLocation.app */;
			productType = "com.apple.product-type.application";
		};
		8CCC147C212383C5007F40E8 /* IGLocationTests */ = {
			isa = PBXNativeTarget;
			buildConfigurationList = 8CCC1489212383C5007F40E8 /* Build configuration list for PBXNativeTarget "IGLocationTests" */;
			buildPhases = (
				A2EAC563D50DC4EA5AFF0281 /* [CP] Check Pods Manifest.lock */,
				8CCC1479212383C5007F40E8 /* Sources */,
				8CCC147A212383C5007F40E8 /* Frameworks */,
				8CCC147B212383C5007F40E8 /* Resources */,
			);
			buildRules = (
			);
			dependencies = (
				8CCC147F212383C5007F40E8 /* PBXTargetDependency */,
			);
			name = IGLocationTests;
			productName = IGLocationTests;
			productReference = 8CCC147D212383C5007F40E8 /* IGLocationTests.xctest */;
			productType = "com.apple.product-type.bundle.unit-test";
		};
/* End PBXNativeTarget section */

/* Begin PBXProject section */
		8CCC1461212383C2007F40E8 /* Project object */ = {
			isa = PBXProject;
			attributes = {
				LastSwiftUpdateCheck = 0940;
				LastUpgradeCheck = 0940;
				ORGANIZATIONNAME = "e dot studios";
				TargetAttributes = {
					8CCC1468212383C2007F40E8 = {
						CreatedOnToolsVersion = 9.4.1;
					};
					8CCC147C212383C5007F40E8 = {
						CreatedOnToolsVersion = 9.4.1;
						TestTargetID = 8CCC1468212383C2007F40E8;
					};
				};
			};
			buildConfigurationList = 8CCC1464212383C2007F40E8 /* Build configuration list for PBXProject "IGLocation" */;
			compatibilityVersion = "Xcode 9.3";
			developmentRegion = en;
			hasScannedForEncodings = 0;
			knownRegions = (
				en,
				Base,
			);
			mainGroup = 8CCC1460212383C2007F40E8;
			productRefGroup = 8CCC146A212383C2007F40E8 /* Products */;
			projectDirPath = "";
			projectRoot = "";
			targets = (
				8CCC1468212383C2007F40E8 /* IGLocation */,
				8CCC147C212383C5007F40E8 /* IGLocationTests */,
			);
		};
/* End PBXProject section */

/* Begin PBXResourcesBuildPhase section */
		8CCC1467212383C2007F40E8 /* Resources */ = {
			isa = PBXResourcesBuildPhase;
			buildActionMask = 2147483647;
			files = (
				8CCC1477212383C4007F40E8 /* LaunchScreen.storyboard in Resources */,
				8CCC1474212383C4007F40E8 /* Assets.xcassets in Resources */,
				8CCC1472212383C2007F40E8 /* Main.storyboard in Resources */,
			);
			runOnlyForDeploymentPostprocessing = 0;
		};
		8CCC147B212383C5007F40E8 /* Resources */ = {
			isa = PBXResourcesBuildPhase;
			buildActionMask = 2147483647;
			files = (
			);
			runOnlyForDeploymentPostprocessing = 0;
		};
/* End PBXResourcesBuildPhase section */

/* Begin PBXShellScriptBuildPhase section */
		54FE3AFC16674F2D3A7AA814 /* [CP] Check Pods Manifest.lock */ = {
			isa = PBXShellScriptBuildPhase;
			buildActionMask = 2147483647;
			files = (
			);
			inputPaths = (
				"${PODS_PODFILE_DIR_PATH}/Podfile.lock",
				"${PODS_ROOT}/Manifest.lock",
			);
			name = "[CP] Check Pods Manifest.lock";
			outputPaths = (
				"$(DERIVED_FILE_DIR)/Pods-IGLocation-checkManifestLockResult.txt",
			);
			runOnlyForDeploymentPostprocessing = 0;
			shellPath = /bin/sh;
			shellScript = "diff \"${PODS_PODFILE_DIR_PATH}/Podfile.lock\" \"${PODS_ROOT}/Manifest.lock\" > /dev/null\nif [ $? != 0 ] ; then\n    # print error to STDERR\n    echo \"error: The sandbox is not in sync with the Podfile.lock. Run 'pod install' or update your CocoaPods installation.\" >&2\n    exit 1\nfi\n# This output is used by Xcode 'outputs' to avoid re-running this script phase.\necho \"SUCCESS\" > \"${SCRIPT_OUTPUT_FILE_0}\"\n";
			showEnvVarsInLog = 0;
		};
		A2EAC563D50DC4EA5AFF0281 /* [CP] Check Pods Manifest.lock */ = {
			isa = PBXShellScriptBuildPhase;
			buildActionMask = 2147483647;
			files = (
			);
			inputPaths = (
				"${PODS_PODFILE_DIR_PATH}/Podfile.lock",
				"${PODS_ROOT}/Manifest.lock",
			);
			name = "[CP] Check Pods Manifest.lock";
			outputPaths = (
				"$(DERIVED_FILE_DIR)/Pods-IGLocationTests-checkManifestLockResult.txt",
			);
			runOnlyForDeploymentPostprocessing = 0;
			shellPath = /bin/sh;
			shellScript = "diff \"${PODS_PODFILE_DIR_PATH}/Podfile.lock\" \"${PODS_ROOT}/Manifest.lock\" > /dev/null\nif [ $? != 0 ] ; then\n    # print error to STDERR\n    echo \"error: The sandbox is not in sync with the Podfile.lock. Run 'pod install' or update your CocoaPods installation.\" >&2\n    exit 1\nfi\n# This output is used by Xcode 'outputs' to avoid re-running this script phase.\necho \"SUCCESS\" > \"${SCRIPT_OUTPUT_FILE_0}\"\n";
			showEnvVarsInLog = 0;
		};
		C56EA151E67C8CDC16A736C0 /* [CP] Embed Pods Frameworks */ = {
			isa = PBXShellScriptBuildPhase;
			buildActionMask = 2147483647;
			files = (
			);
			inputPaths = (
				"${SRCROOT}/Pods/Target Support Files/Pods-IGLocation/Pods-IGLocation-frameworks.sh",
				"${BUILT_PRODUCTS_DIR}/AFNetworking/AFNetworking.framework",
				"${BUILT_PRODUCTS_DIR}/InstagramKit/InstagramKit.framework",
				"${BUILT_PRODUCTS_DIR}/SDWebImage/SDWebImage.framework",
			);
			name = "[CP] Embed Pods Frameworks";
			outputPaths = (
				"${TARGET_BUILD_DIR}/${FRAMEWORKS_FOLDER_PATH}/AFNetworking.framework",
				"${TARGET_BUILD_DIR}/${FRAMEWORKS_FOLDER_PATH}/InstagramKit.framework",
				"${TARGET_BUILD_DIR}/${FRAMEWORKS_FOLDER_PATH}/SDWebImage.framework",
			);
			runOnlyForDeploymentPostprocessing = 0;
			shellPath = /bin/sh;
			shellScript = "\"${SRCROOT}/Pods/Target Support Files/Pods-IGLocation/Pods-IGLocation-frameworks.sh\"\n";
			showEnvVarsInLog = 0;
		};
/* End PBXShellScriptBuildPhase section */

/* Begin PBXSourcesBuildPhase section */
		8CCC1465212383C2007F40E8 /* Sources */ = {
			isa = PBXSourcesBuildPhase;
			buildActionMask = 2147483647;
			files = (
				8CCC146F212383C2007F40E8 /* IGGalleryViewController.swift in Sources */,
				8CCC14932124FFAE007F40E8 /* IGGalleryDetailViewController.swift in Sources */,
				8C26D0DB2138B2750050D4EC /* IGMedia.swift in Sources */,
				8CCC14912124ECBB007F40E8 /* IGGalleryTableViewCell.swift in Sources */,
				8CCC146D212383C2007F40E8 /* AppDelegate.swift in Sources */,
				8CCC148F21238D71007F40E8 /* IGLoginViewController.swift in Sources */,
			);
			runOnlyForDeploymentPostprocessing = 0;
		};
		8CCC1479212383C5007F40E8 /* Sources */ = {
			isa = PBXSourcesBuildPhase;
			buildActionMask = 2147483647;
			files = (
				8C26D0DD2138B7F80050D4EC /* IGMediaTests.swift in Sources */,
			);
			runOnlyForDeploymentPostprocessing = 0;
		};
/* End PBXSourcesBuildPhase section */

/* Begin PBXTargetDependency section */
		8CCC147F212383C5007F40E8 /* PBXTargetDependency */ = {
			isa = PBXTargetDependency;
			target = 8CCC1468212383C2007F40E8 /* IGLocation */;
			targetProxy = 8CCC147E212383C5007F40E8 /* PBXContainerItemProxy */;
		};
/* End PBXTargetDependency section */

/* Begin PBXVariantGroup section */
		8CCC1470212383C2007F40E8 /* Main.storyboard */ = {
			isa = PBXVariantGroup;
			children = (
				8CCC1471212383C2007F40E8 /* Base */,
			);
			name = Main.storyboard;
			sourceTree = "<group>";
		};
		8CCC1475212383C4007F40E8 /* LaunchScreen.storyboard */ = {
			isa = PBXVariantGroup;
			children = (
				8CCC1476212383C4007F40E8 /* Base */,
			);
			name = LaunchScreen.storyboard;
			sourceTree = "<group>";
		};
/* End PBXVariantGroup section */

/* Begin XCBuildConfiguration section */
		8CCC1484212383C5007F40E8 /* Debug */ = {
			isa = XCBuildConfiguration;
			buildSettings = {
				ALWAYS_SEARCH_USER_PATHS = NO;
				CLANG_ANALYZER_NONNULL = YES;
				CLANG_ANALYZER_NUMBER_OBJECT_CONVERSION = YES_AGGRESSIVE;
				CLANG_CXX_LANGUAGE_STANDARD = "gnu++14";
				CLANG_CXX_LIBRARY = "libc++";
				CLANG_ENABLE_MODULES = YES;
				CLANG_ENABLE_OBJC_ARC = YES;
				CLANG_ENABLE_OBJC_WEAK = YES;
				CLANG_WARN_BLOCK_CAPTURE_AUTORELEASING = YES;
				CLANG_WARN_BOOL_CONVERSION = YES;
				CLANG_WARN_COMMA = YES;
				CLANG_WARN_CONSTANT_CONVERSION = YES;
				CLANG_WARN_DEPRECATED_OBJC_IMPLEMENTATIONS = YES;
				CLANG_WARN_DIRECT_OBJC_ISA_USAGE = YES_ERROR;
				CLANG_WARN_DOCUMENTATION_COMMENTS = YES;
				CLANG_WARN_EMPTY_BODY = YES;
				CLANG_WARN_ENUM_CONVERSION = YES;
				CLANG_WARN_INFINITE_RECURSION = YES;
				CLANG_WARN_INT_CONVERSION = YES;
				CLANG_WARN_NON_LITERAL_NULL_CONVERSION = YES;
				CLANG_WARN_OBJC_IMPLICIT_RETAIN_SELF = YES;
				CLANG_WARN_OBJC_LITERAL_CONVERSION = YES;
				CLANG_WARN_OBJC_ROOT_CLASS = YES_ERROR;
				CLANG_WARN_RANGE_LOOP_ANALYSIS = YES;
				CLANG_WARN_STRICT_PROTOTYPES = YES;
				CLANG_WARN_SUSPICIOUS_MOVE = YES;
				CLANG_WARN_UNGUARDED_AVAILABILITY = YES_AGGRESSIVE;
				CLANG_WARN_UNREACHABLE_CODE = YES;
				CLANG_WARN__DUPLICATE_METHOD_MATCH = YES;
				CODE_SIGN_IDENTITY = "iPhone Developer";
				COPY_PHASE_STRIP = NO;
				DEBUG_INFORMATION_FORMAT = dwarf;
				ENABLE_STRICT_OBJC_MSGSEND = YES;
				ENABLE_TESTABILITY = YES;
				GCC_C_LANGUAGE_STANDARD = gnu11;
				GCC_DYNAMIC_NO_PIC = NO;
				GCC_NO_COMMON_BLOCKS = YES;
				GCC_OPTIMIZATION_LEVEL = 0;
				GCC_PREPROCESSOR_DEFINITIONS = (
					"DEBUG=1",
					"$(inherited)",
				);
				GCC_WARN_64_TO_32_BIT_CONVERSION = YES;
				GCC_WARN_ABOUT_RETURN_TYPE = YES_ERROR;
				GCC_WARN_UNDECLARED_SELECTOR = YES;
				GCC_WARN_UNINITIALIZED_AUTOS = YES_AGGRESSIVE;
				GCC_WARN_UNUSED_FUNCTION = YES;
				GCC_WARN_UNUSED_VARIABLE = YES;
				IPHONEOS_DEPLOYMENT_TARGET = 11.4;
				MTL_ENABLE_DEBUG_INFO = YES;
				ONLY_ACTIVE_ARCH = YES;
				SDKROOT = iphoneos;
				SWIFT_ACTIVE_COMPILATION_CONDITIONS = DEBUG;
				SWIFT_OPTIMIZATION_LEVEL = "-Onone";
			};
			name = Debug;
		};
		8CCC1485212383C5007F40E8 /* Release */ = {
			isa = XCBuildConfiguration;
			buildSettings = {
				ALWAYS_SEARCH_USER_PATHS = NO;
				CLANG_ANALYZER_NONNULL = YES;
				CLANG_ANALYZER_NUMBER_OBJECT_CONVERSION = YES_AGGRESSIVE;
				CLANG_CXX_LANGUAGE_STANDARD = "gnu++14";
				CLANG_CXX_LIBRARY = "libc++";
				CLANG_ENABLE_MODULES = YES;
				CLANG_ENABLE_OBJC_ARC = YES;
				CLANG_ENABLE_OBJC_WEAK = YES;
				CLANG_WARN_BLOCK_CAPTURE_AUTORELEASING = YES;
				CLANG_WARN_BOOL_CONVERSION = YES;
				CLANG_WARN_COMMA = YES;
				CLANG_WARN_CONSTANT_CONVERSION = YES;
				CLANG_WARN_DEPRECATED_OBJC_IMPLEMENTATIONS = YES;
				CLANG_WARN_DIRECT_OBJC_ISA_USAGE = YES_ERROR;
				CLANG_WARN_DOCUMENTATION_COMMENTS = YES;
				CLANG_WARN_EMPTY_BODY = YES;
				CLANG_WARN_ENUM_CONVERSION = YES;
				CLANG_WARN_INFINITE_RECURSION = YES;
				CLANG_WARN_INT_CONVERSION = YES;
				CLANG_WARN_NON_LITERAL_NULL_CONVERSION = YES;
				CLANG_WARN_OBJC_IMPLICIT_RETAIN_SELF = YES;
				CLANG_WARN_OBJC_LITERAL_CONVERSION = YES;
				CLANG_WARN_OBJC_ROOT_CLASS = YES_ERROR;
				CLANG_WARN_RANGE_LOOP_ANALYSIS = YES;
				CLANG_WARN_STRICT_PROTOTYPES = YES;
				CLANG_WARN_SUSPICIOUS_MOVE = YES;
				CLANG_WARN_UNGUARDED_AVAILABILITY = YES_AGGRESSIVE;
				CLANG_WARN_UNREACHABLE_CODE = YES;
				CLANG_WARN__DUPLICATE_METHOD_MATCH = YES;
				CODE_SIGN_IDENTITY = "iPhone Developer";
				COPY_PHASE_STRIP = NO;
				DEBUG_INFORMATION_FORMAT = "dwarf-with-dsym";
				ENABLE_NS_ASSERTIONS = NO;
				ENABLE_STRICT_OBJC_MSGSEND = YES;
				GCC_C_LANGUAGE_STANDARD = gnu11;
				GCC_NO_COMMON_BLOCKS = YES;
				GCC_WARN_64_TO_32_BIT_CONVERSION = YES;
				GCC_WARN_ABOUT_RETURN_TYPE = YES_ERROR;
				GCC_WARN_UNDECLARED_SELECTOR = YES;
				GCC_WARN_UNINITIALIZED_AUTOS = YES_AGGRESSIVE;
				GCC_WARN_UNUSED_FUNCTION = YES;
				GCC_WARN_UNUSED_VARIABLE = YES;
				IPHONEOS_DEPLOYMENT_TARGET = 11.4;
				MTL_ENABLE_DEBUG_INFO = NO;
				SDKROOT = iphoneos;
				SWIFT_COMPILATION_MODE = wholemodule;
				SWIFT_OPTIMIZATION_LEVEL = "-O";
				VALIDATE_PRODUCT = YES;
			};
			name = Release;
		};
		8CCC1487212383C5007F40E8 /* Debug */ = {
			isa = XCBuildConfiguration;
			baseConfigurationReference = 4C0B7842511484303597DFFD /* Pods-IGLocation.debug.xcconfig */;
			buildSettings = {
				ASSETCATALOG_COMPILER_APPICON_NAME = AppIcon;
				CODE_SIGN_STYLE = Automatic;
				DEVELOPMENT_TEAM = BT79NLMXJ8;
				INFOPLIST_FILE = IGLocation/Info.plist;
				LD_RUNPATH_SEARCH_PATHS = (
					"$(inherited)",
					"@executable_path/Frameworks",
				);
				PRODUCT_BUNDLE_IDENTIFIER = com.edotstudios.IGLocation;
				PRODUCT_NAME = "$(TARGET_NAME)";
				SWIFT_VERSION = 4.0;
				TARGETED_DEVICE_FAMILY = "1,2";
			};
			name = Debug;
		};
		8CCC1488212383C5007F40E8 /* Release */ = {
			isa = XCBuildConfiguration;
			baseConfigurationReference = DDA87AAA07C89797F58A49F1 /* Pods-IGLocation.release.xcconfig */;
			buildSettings = {
				ASSETCATALOG_COMPILER_APPICON_NAME = AppIcon;
				CODE_SIGN_STYLE = Automatic;
				DEVELOPMENT_TEAM = BT79NLMXJ8;
				INFOPLIST_FILE = IGLocation/Info.plist;
				LD_RUNPATH_SEARCH_PATHS = (
					"$(inherited)",
					"@executable_path/Frameworks",
				);
				PRODUCT_BUNDLE_IDENTIFIER = com.edotstudios.IGLocation;
				PRODUCT_NAME = "$(TARGET_NAME)";
				SWIFT_VERSION = 4.0;
				TARGETED_DEVICE_FAMILY = "1,2";
			};
			name = Release;
		};
		8CCC148A212383C5007F40E8 /* Debug */ = {
			isa = XCBuildConfiguration;
			baseConfigurationReference = B72E0A1C134992EA08E62ADC /* Pods-IGLocationTests.debug.xcconfig */;
			buildSettings = {
				ALWAYS_EMBED_SWIFT_STANDARD_LIBRARIES = YES;
				BUNDLE_LOADER = "$(TEST_HOST)";
				CODE_SIGN_STYLE = Automatic;
				DEVELOPMENT_TEAM = BT79NLMXJ8;
				INFOPLIST_FILE = IGLocationTests/Info.plist;
				LD_RUNPATH_SEARCH_PATHS = (
					"$(inherited)",
					"@executable_path/Frameworks",
					"@loader_path/Frameworks",
				);
				PRODUCT_BUNDLE_IDENTIFIER = com.edotstudios.IGLocationTests;
				PRODUCT_NAME = "$(TARGET_NAME)";
				SWIFT_VERSION = 4.0;
				TARGETED_DEVICE_FAMILY = "1,2";
				TEST_HOST = "$(BUILT_PRODUCTS_DIR)/IGLocation.app/IGLocation";
			};
			name = Debug;
		};
		8CCC148B212383C5007F40E8 /* Release */ = {
			isa = XCBuildConfiguration;
			baseConfigurationReference = 33E4E13197D4EB2F0260BAA3 /* Pods-IGLocationTests.release.xcconfig */;
			buildSettings = {
				ALWAYS_EMBED_SWIFT_STANDARD_LIBRARIES = YES;
				BUNDLE_LOADER = "$(TEST_HOST)";
				CODE_SIGN_STYLE = Automatic;
				DEVELOPMENT_TEAM = BT79NLMXJ8;
				INFOPLIST_FILE = IGLocationTests/Info.plist;
				LD_RUNPATH_SEARCH_PATHS = (
					"$(inherited)",
					"@executable_path/Frameworks",
					"@loader_path/Frameworks",
				);
				PRODUCT_BUNDLE_IDENTIFIER = com.edotstudios.IGLocationTests;
				PRODUCT_NAME = "$(TARGET_NAME)";
				SWIFT_VERSION = 4.0;
				TARGETED_DEVICE_FAMILY = "1,2";
				TEST_HOST = "$(BUILT_PRODUCTS_DIR)/IGLocation.app/IGLocation";
			};
			name = Release;
		};
/* End XCBuildConfiguration section */

/* Begin XCConfigurationList section */
		8CCC1464212383C2007F40E8 /* Build configuration list for PBXProject "IGLocation" */ = {
			isa = XCConfigurationList;
			buildConfigurations = (
				8CCC1484212383C5007F40E8 /* Debug */,
				8CCC1485212383C5007F40E8 /* Release */,
			);
			defaultConfigurationIsVisible = 0;
			defaultConfigurationName = Release;
		};
		8CCC1486212383C5007F40E8 /* Build configuration list for PBXNativeTarget "IGLocation" */ = {
			isa = XCConfigurationList;
			buildConfigurations = (
				8CCC1487212383C5007F40E8 /* Debug */,
				8CCC1488212383C5007F40E8 /* Release */,
			);
			defaultConfigurationIsVisible = 0;
			defaultConfigurationName = Release;
		};
		8CCC1489212383C5007F40E8 /* Build configuration list for PBXNativeTarget "IGLocationTests" */ = {
			isa = XCConfigurationList;
			buildConfigurations = (
				8CCC148A212383C5007F40E8 /* Debug */,
				8CCC148B212383C5007F40E8 /* Release */,
			);
			defaultConfigurationIsVisible = 0;
			defaultConfigurationName = Release;
		};
/* End XCConfigurationList section */
	};
	rootObject = 8CCC1461212383C2007F40E8 /* Project object */;
}
